
Microsoft Visual Studio Solution File, Format Version 12.00
# Visual Studio Version 17
VisualStudioVersion = 17.6.33829.357
MinimumVisualStudioVersion = 10.0.40219.1
Project("{9A19103F-16F7-4668-BE54-9A1E7A4F7556}") = "WorkDayCalculatorApp", "WorkDayCalculatorApp.csproj", "{724099E2-4D0F-40EF-B2D0-1821F7BB1ED9}"
EndProject
Project("{9A19103F-16F7-4668-BE54-9A1E7A4F7556}") = "Tests", "..\Tests\Tests.csproj", "{1ED29702-77BE-4A75-89E8-C89CE0A2FEC3}"
EndProject
Project("{9A19103F-16F7-4668-BE54-9A1E7A4F7556}") = "WorkdayCalculatorLibrary", "..\WorkdayCalculatorLibrary\WorkdayCalculatorLibrary.csproj", "{32611C0A-1BDD-4C3E-B76C-8799B56AE21E}"
EndProject
Global
	GlobalSection(SolutionConfigurationPlatforms) = preSolution
		Debug|Any CPU = Debug|Any CPU
		Release|Any CPU = Release|Any CPU
	EndGlobalSection
	GlobalSection(ProjectConfigurationPlatforms) = postSolution
		{724099E2-4D0F-40EF-B2D0-1821F7BB1ED9}.Debug|Any CPU.ActiveCfg = Debug|Any CPU
		{724099E2-4D0F-40EF-B2D0-1821F7BB1ED9}.Debug|Any CPU.Build.0 = Debug|Any CPU
		{724099E2-4D0F-40EF-B2D0-1821F7BB1ED9}.Release|Any CPU.ActiveCfg = Release|Any CPU
		{724099E2-4D0F-40EF-B2D0-1821F7BB1ED9}.Release|Any CPU.Build.0 = Release|Any CPU
		{1ED29702-77BE-4A75-89E8-C89CE0A2FEC3}.Debug|Any CPU.ActiveCfg = Debug|Any CPU
		{1ED29702-77BE-4A75-89E8-C89CE0A2FEC3}.Debug|Any CPU.Build.0 = Debug|Any CPU
		{1ED29702-77BE-4A75-89E8-C89CE0A2FEC3}.Release|Any CPU.ActiveCfg = Release|Any CPU
		{1ED29702-77BE-4A75-89E8-C89CE0A2FEC3}.Release|Any CPU.Build.0 = Release|Any CPU
		{32611C0A-1BDD-4C3E-B76C-8799B56AE21E}.Debug|Any CPU.ActiveCfg = Debug|Any CPU
		{32611C0A-1BDD-4C3E-B76C-8799B56AE21E}.Debug|Any CPU.Build.0 = Debug|Any CPU
		{32611C0A-1BDD-4C3E-B76C-8799B56AE21E}.Release|Any CPU.ActiveCfg = Release|Any CPU
		{32611C0A-1BDD-4C3E-B76C-8799B56AE21E}.Release|Any CPU.Build.0 = Release|Any CPU
	EndGlobalSection
	GlobalSection(SolutionProperties) = preSolution
		HideSolutionNode = FALSE
	EndGlobalSection
	GlobalSection(ExtensibilityGlobals) = postSolution
		SolutionGuid = {CF38590C-DBAE-4105-A917-2D36671AD70B}
	EndGlobalSection
EndGlobal
